# THIS IS AN AUTOGENERATED FILE. DO NOT EDIT THIS FILE DIRECTLY.
# yarn lockfile v1


"@frenco/build-utils@^0.0.1":
  version "0.0.1"
  resolved "https://registry.yarnpkg.com/@frenco/build-utils/-/build-utils-0.0.1.tgz#bff5c62b12e2946ee4de50e5f8eb1112ebcbc5fd"
  integrity sha512-MKrOIK9Jy6YCzj2nmNAHJtTpwo7xhMEP3SJfrxo8mUG3RqLYv6zD4u9Bfnko1CxYPrU4XXXCjZMXyxju/jhPcw==
